
Microsoft Visual Studio Solution File, Format Version 12.00
# Visual Studio Version 17
VisualStudioVersion = 17.9.34723.18
MinimumVisualStudioVersion = 10.0.40219.1
Project("{9A19103F-16F7-4668-BE54-9A1E7A4F7556}") = "Training.Core", "Training.Core\Training.Core.csproj", "{DDB566A5-6B59-4DE6-941E-A4315FA09D2F}"
EndProject
Project("{9A19103F-16F7-4668-BE54-9A1E7A4F7556}") = "Training.DataAccess", "Training.DataAccess\Training.DataAccess.csproj", "{583B8B92-A9E8-4628-B9B6-5B425E797AD2}"
EndProject
Project("{9A19103F-16F7-4668-BE54-9A1E7A4F7556}") = "Training.Api", "Training.Api\Training.Api.csproj", "{1A3A15E1-459F-41FB-9DA8-712BDEAF4EA7}"
EndProject
Project("{9A19103F-16F7-4668-BE54-9A1E7A4F7556}") = "Training.Repositories", "Training.Repositories\Training.Repositories.csproj", "{EE6B11F2-90F9-44B0-A380-55228155ECBC}"
EndProject
Project("{9A19103F-16F7-4668-BE54-9A1E7A4F7556}") = "Training.Razor", "Training.Razor\Training.Razor.csproj", "{25BDE84A-206F-4DC6-A073-E8AA419003BD}"
EndProject
Project("{9A19103F-16F7-4668-BE54-9A1E7A4F7556}") = "Training.BlazorApp", "Training.BlazorApp\Training.BlazorApp\Training.BlazorApp.csproj", "{BF127AB2-70F4-4D49-9F20-4E3B9BD34D21}"
EndProject
Project("{9A19103F-16F7-4668-BE54-9A1E7A4F7556}") = "Training.BlazorApp.Client", "Training.BlazorApp\Training.BlazorApp.Client\Training.BlazorApp.Client.csproj", "{474FADB3-1B58-49AF-A7A9-8BCF4C46E2D8}"
EndProject
Project("{9A19103F-16F7-4668-BE54-9A1E7A4F7556}") = "Training.Services", "Training.Services\Training.Services.csproj", "{BF38417A-0545-4C86-8D5F-04B77135E17A}"
EndProject
Project("{9A19103F-16F7-4668-BE54-9A1E7A4F7556}") = "Training.Services.Tests", "Training.Services.Tests\Training.Services.Tests.csproj", "{529E4464-EED8-4FD8-A15C-B2A6CD9B549B}"
EndProject
Project("{FAE04EC0-301F-11D3-BF4B-00C04F79EFBC}") = "Training.Repositories.Tests", "Training.Repositories.Tests\Training.Repositories.Tests.csproj", "{5FC77FCE-25B8-4611-ACD5-04690C0D302E}"
EndProject
Project("{FAE04EC0-301F-11D3-BF4B-00C04F79EFBC}") = "Training.Api.Tests", "Training.Api.Tests\Training.Api.Tests.csproj", "{C5659FB5-EBF6-4EC8-B145-B87595B6F2A8}"
EndProject
Global
	GlobalSection(SolutionConfigurationPlatforms) = preSolution
		Debug|Any CPU = Debug|Any CPU
		Release|Any CPU = Release|Any CPU
	EndGlobalSection
	GlobalSection(ProjectConfigurationPlatforms) = postSolution
		{DDB566A5-6B59-4DE6-941E-A4315FA09D2F}.Debug|Any CPU.ActiveCfg = Debug|Any CPU
		{DDB566A5-6B59-4DE6-941E-A4315FA09D2F}.Debug|Any CPU.Build.0 = Debug|Any CPU
		{DDB566A5-6B59-4DE6-941E-A4315FA09D2F}.Release|Any CPU.ActiveCfg = Release|Any CPU
		{DDB566A5-6B59-4DE6-941E-A4315FA09D2F}.Release|Any CPU.Build.0 = Release|Any CPU
		{583B8B92-A9E8-4628-B9B6-5B425E797AD2}.Debug|Any CPU.ActiveCfg = Debug|Any CPU
		{583B8B92-A9E8-4628-B9B6-5B425E797AD2}.Debug|Any CPU.Build.0 = Debug|Any CPU
		{583B8B92-A9E8-4628-B9B6-5B425E797AD2}.Release|Any CPU.ActiveCfg = Release|Any CPU
		{583B8B92-A9E8-4628-B9B6-5B425E797AD2}.Release|Any CPU.Build.0 = Release|Any CPU
		{1A3A15E1-459F-41FB-9DA8-712BDEAF4EA7}.Debug|Any CPU.ActiveCfg = Debug|Any CPU
		{1A3A15E1-459F-41FB-9DA8-712BDEAF4EA7}.Debug|Any CPU.Build.0 = Debug|Any CPU
		{1A3A15E1-459F-41FB-9DA8-712BDEAF4EA7}.Release|Any CPU.ActiveCfg = Release|Any CPU
		{1A3A15E1-459F-41FB-9DA8-712BDEAF4EA7}.Release|Any CPU.Build.0 = Release|Any CPU
		{EE6B11F2-90F9-44B0-A380-55228155ECBC}.Debug|Any CPU.ActiveCfg = Debug|Any CPU
		{EE6B11F2-90F9-44B0-A380-55228155ECBC}.Debug|Any CPU.Build.0 = Debug|Any CPU
		{EE6B11F2-90F9-44B0-A380-55228155ECBC}.Release|Any CPU.ActiveCfg = Release|Any CPU
		{EE6B11F2-90F9-44B0-A380-55228155ECBC}.Release|Any CPU.Build.0 = Release|Any CPU
		{25BDE84A-206F-4DC6-A073-E8AA419003BD}.Debug|Any CPU.ActiveCfg = Debug|Any CPU
		{25BDE84A-206F-4DC6-A073-E8AA419003BD}.Debug|Any CPU.Build.0 = Debug|Any CPU
		{25BDE84A-206F-4DC6-A073-E8AA419003BD}.Release|Any CPU.ActiveCfg = Release|Any CPU
		{25BDE84A-206F-4DC6-A073-E8AA419003BD}.Release|Any CPU.Build.0 = Release|Any CPU
		{BF127AB2-70F4-4D49-9F20-4E3B9BD34D21}.Debug|Any CPU.ActiveCfg = Debug|Any CPU
		{BF127AB2-70F4-4D49-9F20-4E3B9BD34D21}.Debug|Any CPU.Build.0 = Debug|Any CPU
		{BF127AB2-70F4-4D49-9F20-4E3B9BD34D21}.Release|Any CPU.ActiveCfg = Release|Any CPU
		{BF127AB2-70F4-4D49-9F20-4E3B9BD34D21}.Release|Any CPU.Build.0 = Release|Any CPU
		{474FADB3-1B58-49AF-A7A9-8BCF4C46E2D8}.Debug|Any CPU.ActiveCfg = Debug|Any CPU
		{474FADB3-1B58-49AF-A7A9-8BCF4C46E2D8}.Debug|Any CPU.Build.0 = Debug|Any CPU
		{474FADB3-1B58-49AF-A7A9-8BCF4C46E2D8}.Release|Any CPU.ActiveCfg = Release|Any CPU
		{474FADB3-1B58-49AF-A7A9-8BCF4C46E2D8}.Release|Any CPU.Build.0 = Release|Any CPU
		{BF38417A-0545-4C86-8D5F-04B77135E17A}.Debug|Any CPU.ActiveCfg = Debug|Any CPU
		{BF38417A-0545-4C86-8D5F-04B77135E17A}.Debug|Any CPU.Build.0 = Debug|Any CPU
		{BF38417A-0545-4C86-8D5F-04B77135E17A}.Release|Any CPU.ActiveCfg = Release|Any CPU
		{BF38417A-0545-4C86-8D5F-04B77135E17A}.Release|Any CPU.Build.0 = Release|Any CPU
		{529E4464-EED8-4FD8-A15C-B2A6CD9B549B}.Debug|Any CPU.ActiveCfg = Debug|Any CPU
		{529E4464-EED8-4FD8-A15C-B2A6CD9B549B}.Debug|Any CPU.Build.0 = Debug|Any CPU
		{529E4464-EED8-4FD8-A15C-B2A6CD9B549B}.Release|Any CPU.ActiveCfg = Release|Any CPU
		{529E4464-EED8-4FD8-A15C-B2A6CD9B549B}.Release|Any CPU.Build.0 = Release|Any CPU
		{5FC77FCE-25B8-4611-ACD5-04690C0D302E}.Debug|Any CPU.ActiveCfg = Debug|Any CPU
		{5FC77FCE-25B8-4611-ACD5-04690C0D302E}.Debug|Any CPU.Build.0 = Debug|Any CPU
		{5FC77FCE-25B8-4611-ACD5-04690C0D302E}.Release|Any CPU.ActiveCfg = Release|Any CPU
		{5FC77FCE-25B8-4611-ACD5-04690C0D302E}.Release|Any CPU.Build.0 = Release|Any CPU
		{C5659FB5-EBF6-4EC8-B145-B87595B6F2A8}.Debug|Any CPU.ActiveCfg = Debug|Any CPU
		{C5659FB5-EBF6-4EC8-B145-B87595B6F2A8}.Debug|Any CPU.Build.0 = Debug|Any CPU
		{C5659FB5-EBF6-4EC8-B145-B87595B6F2A8}.Release|Any CPU.ActiveCfg = Release|Any CPU
		{C5659FB5-EBF6-4EC8-B145-B87595B6F2A8}.Release|Any CPU.Build.0 = Release|Any CPU
	EndGlobalSection
	GlobalSection(SolutionProperties) = preSolution
		HideSolutionNode = FALSE
	EndGlobalSection
	GlobalSection(ExtensibilityGlobals) = postSolution
		SolutionGuid = {53C601E6-39F3-4D93-9695-2EC73EEE29AE}
	EndGlobalSection
EndGlobal
